
Microsoft Visual Studio Solution File, Format Version 12.00
# Visual Studio Version 17
VisualStudioVersion = 17.5.33424.131
MinimumVisualStudioVersion = 10.0.40219.1
Project("{9A19103F-16F7-4668-BE54-9A1E7A4F7556}") = "BlazorWebAsm.MissingHistoricalRecord", "BlazorWebAsm.MissingHistoricalRecord\BlazorWebAsm.MissingHistoricalRecord.csproj", "{6E49F3CC-D845-4534-BE3A-B4F1554C81B7}"
EndProject
Global
	GlobalSection(SolutionConfigurationPlatforms) = preSolution
		Debug|Any CPU = Debug|Any CPU
		Release|Any CPU = Release|Any CPU
	EndGlobalSection
	GlobalSection(ProjectConfigurationPlatforms) = postSolution
		{6E49F3CC-D845-4534-BE3A-B4F1554C81B7}.Debug|Any CPU.ActiveCfg = Debug|Any CPU
		{6E49F3CC-D845-4534-BE3A-B4F1554C81B7}.Debug|Any CPU.Build.0 = Debug|Any CPU
		{6E49F3CC-D845-4534-BE3A-B4F1554C81B7}.Release|Any CPU.ActiveCfg = Release|Any CPU
		{6E49F3CC-D845-4534-BE3A-B4F1554C81B7}.Release|Any CPU.Build.0 = Release|Any CPU
	EndGlobalSection
	GlobalSection(SolutionProperties) = preSolution
		HideSolutionNode = FALSE
	EndGlobalSection
	GlobalSection(ExtensibilityGlobals) = postSolution
		SolutionGuid = {308A5881-2D76-4E1C-A27E-2B40CBFB91A2}
	EndGlobalSection
EndGlobal
